
Microsoft Visual Studio Solution File, Format Version 12.00
# Visual Studio 2012
Project("{FAE04EC0-301F-11D3-BF4B-00C04F79EFBC}") = "TaskRascal", "TaskRascal\TaskRascal.csproj", "{4A22D820-7078-45F8-BD1C-2DE9E45549FC}"
EndProject
Project("{FAE04EC0-301F-11D3-BF4B-00C04F79EFBC}") = "TaskRascal.Tests", "TaskRascal.Tests\TaskRascal.Tests.csproj", "{7B9B6398-6373-4F4F-BBB3-2B56388F90A3}"
EndProject
Global
	GlobalSection(SolutionConfigurationPlatforms) = preSolution
		Debug|Any CPU = Debug|Any CPU
		Release|Any CPU = Release|Any CPU
	EndGlobalSection
	GlobalSection(ProjectConfigurationPlatforms) = postSolution
		{4A22D820-7078-45F8-BD1C-2DE9E45549FC}.Debug|Any CPU.ActiveCfg = Debug|Any CPU
		{4A22D820-7078-45F8-BD1C-2DE9E45549FC}.Debug|Any CPU.Build.0 = Debug|Any CPU
		{4A22D820-7078-45F8-BD1C-2DE9E45549FC}.Release|Any CPU.ActiveCfg = Release|Any CPU
		{4A22D820-7078-45F8-BD1C-2DE9E45549FC}.Release|Any CPU.Build.0 = Release|Any CPU
		{7B9B6398-6373-4F4F-BBB3-2B56388F90A3}.Debug|Any CPU.ActiveCfg = Debug|Any CPU
		{7B9B6398-6373-4F4F-BBB3-2B56388F90A3}.Debug|Any CPU.Build.0 = Debug|Any CPU
		{7B9B6398-6373-4F4F-BBB3-2B56388F90A3}.Release|Any CPU.ActiveCfg = Release|Any CPU
		{7B9B6398-6373-4F4F-BBB3-2B56388F90A3}.Release|Any CPU.Build.0 = Release|Any CPU
	EndGlobalSection
	GlobalSection(SolutionProperties) = preSolution
		HideSolutionNode = FALSE
	EndGlobalSection
EndGlobal
